{
  "name": "10",
  "version": "1.0.0",
  "lockfileVersion": 1,
  "requires": true,
  "dependencies": {
    "date-names": {
      "version": "0.1.13",
      "resolved": "https://registry.npmjs.org/date-names/-/date-names-0.1.13.tgz",
      "integrity": "sha512-IxxoeD9tdx8pXVcmqaRlPvrXIsSrSrIZzfzlOkm9u+hyzKp5Wk/odt9O/gd7Ockzy8n/WHeEpTVJ2bF3mMV4LA=="
    },
    "ordinal": {
      "version": "1.0.3",
      "resolved": "https://registry.npmjs.org/ordinal/-/ordinal-1.0.3.tgz",
      "integrity": "sha512-cMddMgb2QElm8G7vdaa02jhUNbTSrhsgAGUz1OokD83uJTwSUn+nKoNoKVVaRa08yF6sgfO7Maou1+bgLd9rdQ=="
    }
  }
}
